// !$*UTF8*$!
{
	archiveVersion = 1;
	classes = {
	};
	objectVersion = 56;
	objects = {

/* Begin PBXBuildFile section */
		2B0E2F5058CBE8D9802D6425 /* Pods_InstPostTests.framework in Frameworks */ = {isa = PBXBuildFile; fileRef = 8473E75AECCD423696319F2A /* Pods_InstPostTests.framework */; };
		4C99F46B364F7CF7F777E79B /* Pods_InstPost.framework in Frameworks */ = {isa = PBXBuildFile; fileRef = 927C4FBA31074484241C83A2 /* Pods_InstPost.framework */; };
		565A7D6D2C366DC8008DF4BC /* Post+CoreDataProperties.swift in Sources */ = {isa = PBXBuildFile; fileRef = 565A7D6B2C366DC8008DF4BC /* Post+CoreDataProperties.swift */; };
		565A7D6E2C366DC8008DF4BC /* Post+CoreDataClass.swift in Sources */ = {isa = PBXBuildFile; fileRef = 565A7D6C2C366DC8008DF4BC /* Post+CoreDataClass.swift */; };
		565A7D702C368AD3008DF4BC /* FavouritesViewModal.swift in Sources */ = {isa = PBXBuildFile; fileRef = 565A7D6F2C368AD3008DF4BC /* FavouritesViewModal.swift */; };
		565A7D722C36B72F008DF4BC /* String+Extensions.swift in Sources */ = {isa = PBXBuildFile; fileRef = 565A7D712C36B72F008DF4BC /* String+Extensions.swift */; };
		565A7D752C36C45B008DF4BC /* APIServiceFactory.swift in Sources */ = {isa = PBXBuildFile; fileRef = 565A7D742C36C45B008DF4BC /* APIServiceFactory.swift */; };
		56EBD3A42C3526B500991D06 /* AppDelegate.swift in Sources */ = {isa = PBXBuildFile; fileRef = 56EBD3A32C3526B500991D06 /* AppDelegate.swift */; };
		56EBD3A62C3526B500991D06 /* SceneDelegate.swift in Sources */ = {isa = PBXBuildFile; fileRef = 56EBD3A52C3526B500991D06 /* SceneDelegate.swift */; };
		56EBD3A82C3526B500991D06 /* LoginViewController.swift in Sources */ = {isa = PBXBuildFile; fileRef = 56EBD3A72C3526B500991D06 /* LoginViewController.swift */; };
		56EBD3AB2C3526B500991D06 /* Main.storyboard in Resources */ = {isa = PBXBuildFile; fileRef = 56EBD3A92C3526B500991D06 /* Main.storyboard */; };
		56EBD3AE2C3526B500991D06 /* InstPost.xcdatamodeld in Sources */ = {isa = PBXBuildFile; fileRef = 56EBD3AC2C3526B500991D06 /* InstPost.xcdatamodeld */; };
		56EBD3B02C3526B800991D06 /* Assets.xcassets in Resources */ = {isa = PBXBuildFile; fileRef = 56EBD3AF2C3526B800991D06 /* Assets.xcassets */; };
		56EBD3B32C3526B800991D06 /* LaunchScreen.storyboard in Resources */ = {isa = PBXBuildFile; fileRef = 56EBD3B12C3526B800991D06 /* LaunchScreen.storyboard */; };
		56EBD3BE2C3526B800991D06 /* InstPostTests.swift in Sources */ = {isa = PBXBuildFile; fileRef = 56EBD3BD2C3526B800991D06 /* InstPostTests.swift */; };
		56EBD3C82C3526B800991D06 /* InstPostUITests.swift in Sources */ = {isa = PBXBuildFile; fileRef = 56EBD3C72C3526B800991D06 /* InstPostUITests.swift */; };
		56EBD3CA2C3526B800991D06 /* InstPostUITestsLaunchTests.swift in Sources */ = {isa = PBXBuildFile; fileRef = 56EBD3C92C3526B800991D06 /* InstPostUITestsLaunchTests.swift */; };
		56EBD3DA2C35358F00991D06 /* User.swift in Sources */ = {isa = PBXBuildFile; fileRef = 56EBD3D92C35358F00991D06 /* User.swift */; };
		56EBD3DB2C35358F00991D06 /* User.swift in Sources */ = {isa = PBXBuildFile; fileRef = 56EBD3D92C35358F00991D06 /* User.swift */; };
		56EBD3DD2C3535A400991D06 /* LoginViewModal.swift in Sources */ = {isa = PBXBuildFile; fileRef = 56EBD3DC2C3535A400991D06 /* LoginViewModal.swift */; };
		56EBD3E02C35360400991D06 /* PostsViewController.swift in Sources */ = {isa = PBXBuildFile; fileRef = 56EBD3DF2C35360400991D06 /* PostsViewController.swift */; };
		56EBD3E12C35360400991D06 /* PostsViewController.swift in Sources */ = {isa = PBXBuildFile; fileRef = 56EBD3DF2C35360400991D06 /* PostsViewController.swift */; };
		56EBD3E32C35361200991D06 /* PostsViewModal.swift in Sources */ = {isa = PBXBuildFile; fileRef = 56EBD3E22C35361200991D06 /* PostsViewModal.swift */; };
		56EBD3E42C35361200991D06 /* PostsViewModal.swift in Sources */ = {isa = PBXBuildFile; fileRef = 56EBD3E22C35361200991D06 /* PostsViewModal.swift */; };
		56EBD3E62C35363100991D06 /* Post.swift in Sources */ = {isa = PBXBuildFile; fileRef = 56EBD3E52C35363100991D06 /* Post.swift */; };
		56EBD3E72C35363100991D06 /* Post.swift in Sources */ = {isa = PBXBuildFile; fileRef = 56EBD3E52C35363100991D06 /* Post.swift */; };
		56EBD3EA2C353C1600991D06 /* UIButton+Extensions.swift in Sources */ = {isa = PBXBuildFile; fileRef = 56EBD3E92C353C1600991D06 /* UIButton+Extensions.swift */; };
		56EBD3EB2C353C1600991D06 /* UIButton+Extensions.swift in Sources */ = {isa = PBXBuildFile; fileRef = 56EBD3E92C353C1600991D06 /* UIButton+Extensions.swift */; };
		56EBD3ED2C353C4A00991D06 /* UITextfield+Extensions.swift in Sources */ = {isa = PBXBuildFile; fileRef = 56EBD3EC2C353C4A00991D06 /* UITextfield+Extensions.swift */; };
		56EBD3EE2C353C4A00991D06 /* UITextfield+Extensions.swift in Sources */ = {isa = PBXBuildFile; fileRef = 56EBD3EC2C353C4A00991D06 /* UITextfield+Extensions.swift */; };
		56EBD3F02C354D6300991D06 /* UIColor+Extensions.swift in Sources */ = {isa = PBXBuildFile; fileRef = 56EBD3EF2C354D6300991D06 /* UIColor+Extensions.swift */; };
		56EBD3F12C354D6300991D06 /* UIColor+Extensions.swift in Sources */ = {isa = PBXBuildFile; fileRef = 56EBD3EF2C354D6300991D06 /* UIColor+Extensions.swift */; };
		56EBD3F32C354D7500991D06 /* UILabel+Extensions.swift in Sources */ = {isa = PBXBuildFile; fileRef = 56EBD3F22C354D7500991D06 /* UILabel+Extensions.swift */; };
		56EBD3F42C354D7500991D06 /* UILabel+Extensions.swift in Sources */ = {isa = PBXBuildFile; fileRef = 56EBD3F22C354D7500991D06 /* UILabel+Extensions.swift */; };
		56EBD3FA2C355D0400991D06 /* FavouritesViewController.swift in Sources */ = {isa = PBXBuildFile; fileRef = 56EBD3F92C355D0400991D06 /* FavouritesViewController.swift */; };
		56EBD3FB2C355D0400991D06 /* FavouritesViewController.swift in Sources */ = {isa = PBXBuildFile; fileRef = 56EBD3F92C355D0400991D06 /* FavouritesViewController.swift */; };
		56EBD3FD2C355D2900991D06 /* BaseViewController.swift in Sources */ = {isa = PBXBuildFile; fileRef = 56EBD3FC2C355D2900991D06 /* BaseViewController.swift */; };
		56EBD3FE2C355D2900991D06 /* BaseViewController.swift in Sources */ = {isa = PBXBuildFile; fileRef = 56EBD3FC2C355D2900991D06 /* BaseViewController.swift */; };
		56EBD4002C35648A00991D06 /* PostTabbarController.swift in Sources */ = {isa = PBXBuildFile; fileRef = 56EBD3FF2C35648A00991D06 /* PostTabbarController.swift */; };
		56EBD4012C35648A00991D06 /* PostTabbarController.swift in Sources */ = {isa = PBXBuildFile; fileRef = 56EBD3FF2C35648A00991D06 /* PostTabbarController.swift */; };
		56EBD4032C356B6B00991D06 /* PostsTableViewCell.swift in Sources */ = {isa = PBXBuildFile; fileRef = 56EBD4022C356B6B00991D06 /* PostsTableViewCell.swift */; };
		56EBD4042C356B6B00991D06 /* PostsTableViewCell.swift in Sources */ = {isa = PBXBuildFile; fileRef = 56EBD4022C356B6B00991D06 /* PostsTableViewCell.swift */; };
		56EBD4062C356C3600991D06 /* PostsTableViewCell.xib in Resources */ = {isa = PBXBuildFile; fileRef = 56EBD4052C356C3600991D06 /* PostsTableViewCell.xib */; };
		56EBD4072C356C3600991D06 /* PostsTableViewCell.xib in Resources */ = {isa = PBXBuildFile; fileRef = 56EBD4052C356C3600991D06 /* PostsTableViewCell.xib */; };
		56EBD40A2C3570DB00991D06 /* URLSessionAPIService.swift in Sources */ = {isa = PBXBuildFile; fileRef = 56EBD4092C3570DB00991D06 /* URLSessionAPIService.swift */; };
		56EBD40B2C3570DB00991D06 /* URLSessionAPIService.swift in Sources */ = {isa = PBXBuildFile; fileRef = 56EBD4092C3570DB00991D06 /* URLSessionAPIService.swift */; };
		56EBD40D2C3570FD00991D06 /* Constants.swift in Sources */ = {isa = PBXBuildFile; fileRef = 56EBD40C2C3570FD00991D06 /* Constants.swift */; };
		56EBD40E2C3570FD00991D06 /* Constants.swift in Sources */ = {isa = PBXBuildFile; fileRef = 56EBD40C2C3570FD00991D06 /* Constants.swift */; };
		ADA58A39A71880F52E988036 /* Pods_InstPost_InstPostUITests.framework in Frameworks */ = {isa = PBXBuildFile; fileRef = D5AB3431317A13510AEB1CEE /* Pods_InstPost_InstPostUITests.framework */; };
/* End PBXBuildFile section */

/* Begin PBXContainerItemProxy section */
		56EBD3BA2C3526B800991D06 /* PBXContainerItemProxy */ = {
			isa = PBXContainerItemProxy;
			containerPortal = 56EBD3982C3526B500991D06 /* Project object */;
			proxyType = 1;
			remoteGlobalIDString = 56EBD39F2C3526B500991D06;
			remoteInfo = InstPost;
		};
		56EBD3C42C3526B800991D06 /* PBXContainerItemProxy */ = {
			isa = PBXContainerItemProxy;
			containerPortal = 56EBD3982C3526B500991D06 /* Project object */;
			proxyType = 1;
			remoteGlobalIDString = 56EBD39F2C3526B500991D06;
			remoteInfo = InstPost;
		};
/* End PBXContainerItemProxy section */

/* Begin PBXFileReference section */
		339B9C703BE4A0A3C4D8B603 /* Pods-InstPost-InstPostUITests.debug.xcconfig */ = {isa = PBXFileReference; includeInIndex = 1; lastKnownFileType = text.xcconfig; name = "Pods-InstPost-InstPostUITests.debug.xcconfig"; path = "Target Support Files/Pods-InstPost-InstPostUITests/Pods-InstPost-InstPostUITests.debug.xcconfig"; sourceTree = "<group>"; };
		3CB8297F7C16FD8F914D65B7 /* Pods-InstPostTests.debug.xcconfig */ = {isa = PBXFileReference; includeInIndex = 1; lastKnownFileType = text.xcconfig; name = "Pods-InstPostTests.debug.xcconfig"; path = "Target Support Files/Pods-InstPostTests/Pods-InstPostTests.debug.xcconfig"; sourceTree = "<group>"; };
		44C746390D4843FFEB323412 /* Pods-InstPost.release.xcconfig */ = {isa = PBXFileReference; includeInIndex = 1; lastKnownFileType = text.xcconfig; name = "Pods-InstPost.release.xcconfig"; path = "Target Support Files/Pods-InstPost/Pods-InstPost.release.xcconfig"; sourceTree = "<group>"; };
		565A7D6B2C366DC8008DF4BC /* Post+CoreDataProperties.swift */ = {isa = PBXFileReference; fileEncoding = 4; lastKnownFileType = sourcecode.swift; path = "Post+CoreDataProperties.swift"; sourceTree = "<group>"; };
		565A7D6C2C366DC8008DF4BC /* Post+CoreDataClass.swift */ = {isa = PBXFileReference; fileEncoding = 4; lastKnownFileType = sourcecode.swift; path = "Post+CoreDataClass.swift"; sourceTree = "<group>"; };
		565A7D6F2C368AD3008DF4BC /* FavouritesViewModal.swift */ = {isa = PBXFileReference; lastKnownFileType = sourcecode.swift; path = FavouritesViewModal.swift; sourceTree = "<group>"; };
		565A7D712C36B72F008DF4BC /* String+Extensions.swift */ = {isa = PBXFileReference; lastKnownFileType = sourcecode.swift; path = "String+Extensions.swift"; sourceTree = "<group>"; };
		565A7D742C36C45B008DF4BC /* APIServiceFactory.swift */ = {isa = PBXFileReference; lastKnownFileType = sourcecode.swift; path = APIServiceFactory.swift; sourceTree = "<group>"; };
		56EBD3A02C3526B500991D06 /* InstPost.app */ = {isa = PBXFileReference; explicitFileType = wrapper.application; includeInIndex = 0; path = InstPost.app; sourceTree = BUILT_PRODUCTS_DIR; };
		56EBD3A32C3526B500991D06 /* AppDelegate.swift */ = {isa = PBXFileReference; lastKnownFileType = sourcecode.swift; path = AppDelegate.swift; sourceTree = "<group>"; };
		56EBD3A52C3526B500991D06 /* SceneDelegate.swift */ = {isa = PBXFileReference; lastKnownFileType = sourcecode.swift; path = SceneDelegate.swift; sourceTree = "<group>"; };
		56EBD3A72C3526B500991D06 /* LoginViewController.swift */ = {isa = PBXFileReference; lastKnownFileType = sourcecode.swift; path = LoginViewController.swift; sourceTree = "<group>"; };
		56EBD3AA2C3526B500991D06 /* Base */ = {isa = PBXFileReference; lastKnownFileType = file.storyboard; name = Base; path = Base.lproj/Main.storyboard; sourceTree = "<group>"; };
		56EBD3AD2C3526B500991D06 /* InstPost.xcdatamodel */ = {isa = PBXFileReference; lastKnownFileType = wrapper.xcdatamodel; path = InstPost.xcdatamodel; sourceTree = "<group>"; };
		56EBD3AF2C3526B800991D06 /* Assets.xcassets */ = {isa = PBXFileReference; lastKnownFileType = folder.assetcatalog; path = Assets.xcassets; sourceTree = "<group>"; };
		56EBD3B22C3526B800991D06 /* Base */ = {isa = PBXFileReference; lastKnownFileType = file.storyboard; name = Base; path = Base.lproj/LaunchScreen.storyboard; sourceTree = "<group>"; };
		56EBD3B42C3526B800991D06 /* Info.plist */ = {isa = PBXFileReference; lastKnownFileType = text.plist.xml; path = Info.plist; sourceTree = "<group>"; };
		56EBD3B92C3526B800991D06 /* InstPostTests.xctest */ = {isa = PBXFileReference; explicitFileType = wrapper.cfbundle; includeInIndex = 0; path = InstPostTests.xctest; sourceTree = BUILT_PRODUCTS_DIR; };
		56EBD3BD2C3526B800991D06 /* InstPostTests.swift */ = {isa = PBXFileReference; lastKnownFileType = sourcecode.swift; path = InstPostTests.swift; sourceTree = "<group>"; };
		56EBD3C32C3526B800991D06 /* InstPostUITests.xctest */ = {isa = PBXFileReference; explicitFileType = wrapper.cfbundle; includeInIndex = 0; path = InstPostUITests.xctest; sourceTree = BUILT_PRODUCTS_DIR; };
		56EBD3C72C3526B800991D06 /* InstPostUITests.swift */ = {isa = PBXFileReference; lastKnownFileType = sourcecode.swift; path = InstPostUITests.swift; sourceTree = "<group>"; };
		56EBD3C92C3526B800991D06 /* InstPostUITestsLaunchTests.swift */ = {isa = PBXFileReference; lastKnownFileType = sourcecode.swift; path = InstPostUITestsLaunchTests.swift; sourceTree = "<group>"; };
		56EBD3D92C35358F00991D06 /* User.swift */ = {isa = PBXFileReference; lastKnownFileType = sourcecode.swift; path = User.swift; sourceTree = "<group>"; };
		56EBD3DC2C3535A400991D06 /* LoginViewModal.swift */ = {isa = PBXFileReference; lastKnownFileType = sourcecode.swift; path = LoginViewModal.swift; sourceTree = "<group>"; };
		56EBD3DF2C35360400991D06 /* PostsViewController.swift */ = {isa = PBXFileReference; lastKnownFileType = sourcecode.swift; path = PostsViewController.swift; sourceTree = "<group>"; };
		56EBD3E22C35361200991D06 /* PostsViewModal.swift */ = {isa = PBXFileReference; lastKnownFileType = sourcecode.swift; path = PostsViewModal.swift; sourceTree = "<group>"; };
		56EBD3E52C35363100991D06 /* Post.swift */ = {isa = PBXFileReference; lastKnownFileType = sourcecode.swift; path = Post.swift; sourceTree = "<group>"; };
		56EBD3E92C353C1600991D06 /* UIButton+Extensions.swift */ = {isa = PBXFileReference; lastKnownFileType = sourcecode.swift; path = "UIButton+Extensions.swift"; sourceTree = "<group>"; };
		56EBD3EC2C353C4A00991D06 /* UITextfield+Extensions.swift */ = {isa = PBXFileReference; lastKnownFileType = sourcecode.swift; path = "UITextfield+Extensions.swift"; sourceTree = "<group>"; };
		56EBD3EF2C354D6300991D06 /* UIColor+Extensions.swift */ = {isa = PBXFileReference; lastKnownFileType = sourcecode.swift; path = "UIColor+Extensions.swift"; sourceTree = "<group>"; };
		56EBD3F22C354D7500991D06 /* UILabel+Extensions.swift */ = {isa = PBXFileReference; lastKnownFileType = sourcecode.swift; path = "UILabel+Extensions.swift"; sourceTree = "<group>"; };
		56EBD3F92C355D0400991D06 /* FavouritesViewController.swift */ = {isa = PBXFileReference; lastKnownFileType = sourcecode.swift; path = FavouritesViewController.swift; sourceTree = "<group>"; };
		56EBD3FC2C355D2900991D06 /* BaseViewController.swift */ = {isa = PBXFileReference; lastKnownFileType = sourcecode.swift; path = BaseViewController.swift; sourceTree = "<group>"; };
		56EBD3FF2C35648A00991D06 /* PostTabbarController.swift */ = {isa = PBXFileReference; lastKnownFileType = sourcecode.swift; path = PostTabbarController.swift; sourceTree = "<group>"; };
		56EBD4022C356B6B00991D06 /* PostsTableViewCell.swift */ = {isa = PBXFileReference; lastKnownFileType = sourcecode.swift; path = PostsTableViewCell.swift; sourceTree = "<group>"; };
		56EBD4052C356C3600991D06 /* PostsTableViewCell.xib */ = {isa = PBXFileReference; lastKnownFileType = file.xib; path = PostsTableViewCell.xib; sourceTree = "<group>"; };
		56EBD4092C3570DB00991D06 /* URLSessionAPIService.swift */ = {isa = PBXFileReference; lastKnownFileType = sourcecode.swift; path = URLSessionAPIService.swift; sourceTree = "<group>"; };
		56EBD40C2C3570FD00991D06 /* Constants.swift */ = {isa = PBXFileReference; lastKnownFileType = sourcecode.swift; path = Constants.swift; sourceTree = "<group>"; };
		8473E75AECCD423696319F2A /* Pods_InstPostTests.framework */ = {isa = PBXFileReference; explicitFileType = wrapper.framework; includeInIndex = 0; path = Pods_InstPostTests.framework; sourceTree = BUILT_PRODUCTS_DIR; };
		8BC2D4D0E04742206409E8D6 /* Pods-InstPost.debug.xcconfig */ = {isa = PBXFileReference; includeInIndex = 1; lastKnownFileType = text.xcconfig; name = "Pods-InstPost.debug.xcconfig"; path = "Target Support Files/Pods-InstPost/Pods-InstPost.debug.xcconfig"; sourceTree = "<group>"; };
		927C4FBA31074484241C83A2 /* Pods_InstPost.framework */ = {isa = PBXFileReference; explicitFileType = wrapper.framework; includeInIndex = 0; path = Pods_InstPost.framework; sourceTree = BUILT_PRODUCTS_DIR; };
		9E024BA46C54FB657362A9EA /* Pods-InstPost-InstPostUITests.release.xcconfig */ = {isa = PBXFileReference; includeInIndex = 1; lastKnownFileType = text.xcconfig; name = "Pods-InstPost-InstPostUITests.release.xcconfig"; path = "Target Support Files/Pods-InstPost-InstPostUITests/Pods-InstPost-InstPostUITests.release.xcconfig"; sourceTree = "<group>"; };
		D5AB3431317A13510AEB1CEE /* Pods_InstPost_InstPostUITests.framework */ = {isa = PBXFileReference; explicitFileType = wrapper.framework; includeInIndex = 0; path = Pods_InstPost_InstPostUITests.framework; sourceTree = BUILT_PRODUCTS_DIR; };
		FE182C7D8C1B1FBEA0BE916A /* Pods-InstPostTests.release.xcconfig */ = {isa = PBXFileReference; includeInIndex = 1; lastKnownFileType = text.xcconfig; name = "Pods-InstPostTests.release.xcconfig"; path = "Target Support Files/Pods-InstPostTests/Pods-InstPostTests.release.xcconfig"; sourceTree = "<group>"; };
/* End PBXFileReference section */

/* Begin PBXFrameworksBuildPhase section */
		56EBD39D2C3526B500991D06 /* Frameworks */ = {
			isa = PBXFrameworksBuildPhase;
			buildActionMask = 2147483647;
			files = (
				4C99F46B364F7CF7F777E79B /* Pods_InstPost.framework in Frameworks */,
			);
			runOnlyForDeploymentPostprocessing = 0;
		};
		56EBD3B62C3526B800991D06 /* Frameworks */ = {
			isa = PBXFrameworksBuildPhase;
			buildActionMask = 2147483647;
			files = (
				2B0E2F5058CBE8D9802D6425 /* Pods_InstPostTests.framework in Frameworks */,
			);
			runOnlyForDeploymentPostprocessing = 0;
		};
		56EBD3C02C3526B800991D06 /* Frameworks */ = {
			isa = PBXFrameworksBuildPhase;
			buildActionMask = 2147483647;
			files = (
				ADA58A39A71880F52E988036 /* Pods_InstPost_InstPostUITests.framework in Frameworks */,
			);
			runOnlyForDeploymentPostprocessing = 0;
		};
/* End PBXFrameworksBuildPhase section */

/* Begin PBXGroup section */
		1234E6F40B69CB18D1594812 /* Pods */ = {
			isa = PBXGroup;
			children = (
				8BC2D4D0E04742206409E8D6 /* Pods-InstPost.debug.xcconfig */,
				44C746390D4843FFEB323412 /* Pods-InstPost.release.xcconfig */,
				339B9C703BE4A0A3C4D8B603 /* Pods-InstPost-InstPostUITests.debug.xcconfig */,
				9E024BA46C54FB657362A9EA /* Pods-InstPost-InstPostUITests.release.xcconfig */,
				3CB8297F7C16FD8F914D65B7 /* Pods-InstPostTests.debug.xcconfig */,
				FE182C7D8C1B1FBEA0BE916A /* Pods-InstPostTests.release.xcconfig */,
			);
			path = Pods;
			sourceTree = "<group>";
		};
		565A7D6A2C366DB6008DF4BC /* CoreDataEntities */ = {
			isa = PBXGroup;
			children = (
				565A7D6C2C366DC8008DF4BC /* Post+CoreDataClass.swift */,
				565A7D6B2C366DC8008DF4BC /* Post+CoreDataProperties.swift */,
			);
			path = CoreDataEntities;
			sourceTree = "<group>";
		};
		565A7D732C36C43E008DF4BC /* Factory */ = {
			isa = PBXGroup;
			children = (
				565A7D742C36C45B008DF4BC /* APIServiceFactory.swift */,
			);
			path = Factory;
			sourceTree = "<group>";
		};
		56EBD3972C3526B500991D06 = {
			isa = PBXGroup;
			children = (
				56EBD3A22C3526B500991D06 /* InstPost */,
				56EBD3BC2C3526B800991D06 /* InstPostTests */,
				56EBD3C62C3526B800991D06 /* InstPostUITests */,
				56EBD3A12C3526B500991D06 /* Products */,
				1234E6F40B69CB18D1594812 /* Pods */,
				C5DFB3B87ACF67F070B0BE30 /* Frameworks */,
			);
			sourceTree = "<group>";
		};
		56EBD3A12C3526B500991D06 /* Products */ = {
			isa = PBXGroup;
			children = (
				56EBD3A02C3526B500991D06 /* InstPost.app */,
				56EBD3B92C3526B800991D06 /* InstPostTests.xctest */,
				56EBD3C32C3526B800991D06 /* InstPostUITests.xctest */,
			);
			name = Products;
			sourceTree = "<group>";
		};
		56EBD3A22C3526B500991D06 /* InstPost */ = {
			isa = PBXGroup;
			children = (
				56EBD3A32C3526B500991D06 /* AppDelegate.swift */,
				56EBD3A52C3526B500991D06 /* SceneDelegate.swift */,
				56EBD3FC2C355D2900991D06 /* BaseViewController.swift */,
				56EBD3FF2C35648A00991D06 /* PostTabbarController.swift */,
				565A7D732C36C43E008DF4BC /* Factory */,
				565A7D6A2C366DB6008DF4BC /* CoreDataEntities */,
				56EBD40F2C35723300991D06 /* PostTableViewCell */,
				56EBD3F62C35595F00991D06 /* Post */,
				56EBD4082C3570C200991D06 /* Services */,
				56EBD3F72C355C9200991D06 /* Favourites */,
				56EBD3F52C35594C00991D06 /* Login */,
				56EBD3F82C355CC900991D06 /* Models */,
				56EBD3E82C353BFA00991D06 /* Utils */,
				56EBD3A92C3526B500991D06 /* Main.storyboard */,
				56EBD3AF2C3526B800991D06 /* Assets.xcassets */,
				56EBD3B12C3526B800991D06 /* LaunchScreen.storyboard */,
				56EBD3B42C3526B800991D06 /* Info.plist */,
				56EBD3AC2C3526B500991D06 /* InstPost.xcdatamodeld */,
			);
			path = InstPost;
			sourceTree = "<group>";
		};
		56EBD3BC2C3526B800991D06 /* InstPostTests */ = {
			isa = PBXGroup;
			children = (
				56EBD3BD2C3526B800991D06 /* InstPostTests.swift */,
			);
			path = InstPostTests;
			sourceTree = "<group>";
		};
		56EBD3C62C3526B800991D06 /* InstPostUITests */ = {
			isa = PBXGroup;
			children = (
				56EBD3C72C3526B800991D06 /* InstPostUITests.swift */,
				56EBD3C92C3526B800991D06 /* InstPostUITestsLaunchTests.swift */,
			);
			path = InstPostUITests;
			sourceTree = "<group>";
		};
		56EBD3E82C353BFA00991D06 /* Utils */ = {
			isa = PBXGroup;
			children = (
				56EBD3E92C353C1600991D06 /* UIButton+Extensions.swift */,
				56EBD40C2C3570FD00991D06 /* Constants.swift */,
				56EBD3F22C354D7500991D06 /* UILabel+Extensions.swift */,
				56EBD3EF2C354D6300991D06 /* UIColor+Extensions.swift */,
				56EBD3EC2C353C4A00991D06 /* UITextfield+Extensions.swift */,
				565A7D712C36B72F008DF4BC /* String+Extensions.swift */,
			);
			path = Utils;
			sourceTree = "<group>";
		};
		56EBD3F52C35594C00991D06 /* Login */ = {
			isa = PBXGroup;
			children = (
				56EBD3DC2C3535A400991D06 /* LoginViewModal.swift */,
				56EBD3A72C3526B500991D06 /* LoginViewController.swift */,
			);
			path = Login;
			sourceTree = "<group>";
		};
		56EBD3F62C35595F00991D06 /* Post */ = {
			isa = PBXGroup;
			children = (
				56EBD3DF2C35360400991D06 /* PostsViewController.swift */,
				56EBD3E22C35361200991D06 /* PostsViewModal.swift */,
			);
			path = Post;
			sourceTree = "<group>";
		};
		56EBD3F72C355C9200991D06 /* Favourites */ = {
			isa = PBXGroup;
			children = (
				56EBD3F92C355D0400991D06 /* FavouritesViewController.swift */,
				565A7D6F2C368AD3008DF4BC /* FavouritesViewModal.swift */,
			);
			path = Favourites;
			sourceTree = "<group>";
		};
		56EBD3F82C355CC900991D06 /* Models */ = {
			isa = PBXGroup;
			children = (
				56EBD3E52C35363100991D06 /* Post.swift */,
				56EBD3D92C35358F00991D06 /* User.swift */,
			);
			path = Models;
			sourceTree = "<group>";
		};
		56EBD4082C3570C200991D06 /* Services */ = {
			isa = PBXGroup;
			children = (
				56EBD4092C3570DB00991D06 /* URLSessionAPIService.swift */,
			);
			path = Services;
			sourceTree = "<group>";
		};
		56EBD40F2C35723300991D06 /* PostTableViewCell */ = {
			isa = PBXGroup;
			children = (
				56EBD4022C356B6B00991D06 /* PostsTableViewCell.swift */,
				56EBD4052C356C3600991D06 /* PostsTableViewCell.xib */,
			);
			path = PostTableViewCell;
			sourceTree = "<group>";
		};
		C5DFB3B87ACF67F070B0BE30 /* Frameworks */ = {
			isa = PBXGroup;
			children = (
				927C4FBA31074484241C83A2 /* Pods_InstPost.framework */,
				D5AB3431317A13510AEB1CEE /* Pods_InstPost_InstPostUITests.framework */,
				8473E75AECCD423696319F2A /* Pods_InstPostTests.framework */,
			);
			name = Frameworks;
			sourceTree = "<group>";
		};
/* End PBXGroup section */

/* Begin PBXNativeTarget section */
		56EBD39F2C3526B500991D06 /* InstPost */ = {
			isa = PBXNativeTarget;
			buildConfigurationList = 56EBD3CD2C3526B800991D06 /* Build configuration list for PBXNativeTarget "InstPost" */;
			buildPhases = (
				B6CB0C30987BEC1223ED4344 /* [CP] Check Pods Manifest.lock */,
				56EBD39C2C3526B500991D06 /* Sources */,
				56EBD39D2C3526B500991D06 /* Frameworks */,
				56EBD39E2C3526B500991D06 /* Resources */,
				BF3ABB83ABA7CD5E42EF2296 /* [CP] Embed Pods Frameworks */,
			);
			buildRules = (
			);
			dependencies = (
			);
			name = InstPost;
			productName = InstPost;
			productReference = 56EBD3A02C3526B500991D06 /* InstPost.app */;
			productType = "com.apple.product-type.application";
		};
		56EBD3B82C3526B800991D06 /* InstPostTests */ = {
			isa = PBXNativeTarget;
			buildConfigurationList = 56EBD3D02C3526B800991D06 /* Build configuration list for PBXNativeTarget "InstPostTests" */;
			buildPhases = (
				C389DBE20EC2F2B3F1FD8D5C /* [CP] Check Pods Manifest.lock */,
				56EBD3B52C3526B800991D06 /* Sources */,
				56EBD3B62C3526B800991D06 /* Frameworks */,
				56EBD3B72C3526B800991D06 /* Resources */,
			);
			buildRules = (
			);
			dependencies = (
				56EBD3BB2C3526B800991D06 /* PBXTargetDependency */,
			);
			name = InstPostTests;
			productName = InstPostTests;
			productReference = 56EBD3B92C3526B800991D06 /* InstPostTests.xctest */;
			productType = "com.apple.product-type.bundle.unit-test";
		};
		56EBD3C22C3526B800991D06 /* InstPostUITests */ = {
			isa = PBXNativeTarget;
			buildConfigurationList = 56EBD3D32C3526B800991D06 /* Build configuration list for PBXNativeTarget "InstPostUITests" */;
			buildPhases = (
				8DCF86588106D3E9C6B2730F /* [CP] Check Pods Manifest.lock */,
				56EBD3BF2C3526B800991D06 /* Sources */,
				56EBD3C02C3526B800991D06 /* Frameworks */,
				56EBD3C12C3526B800991D06 /* Resources */,
				0EE3F3EB31A0A2ED8567458E /* [CP] Embed Pods Frameworks */,
			);
			buildRules = (
			);
			dependencies = (
				56EBD3C52C3526B800991D06 /* PBXTargetDependency */,
			);
			name = InstPostUITests;
			productName = InstPostUITests;
			productReference = 56EBD3C32C3526B800991D06 /* InstPostUITests.xctest */;
			productType = "com.apple.product-type.bundle.ui-testing";
		};
/* End PBXNativeTarget section */

/* Begin PBXProject section */
		56EBD3982C3526B500991D06 /* Project object */ = {
			isa = PBXProject;
			attributes = {
				BuildIndependentTargetsInParallel = 1;
				LastSwiftUpdateCheck = 1430;
				LastUpgradeCheck = 1430;
				TargetAttributes = {
					56EBD39F2C3526B500991D06 = {
						CreatedOnToolsVersion = 14.3;
					};
					56EBD3B82C3526B800991D06 = {
						CreatedOnToolsVersion = 14.3;
						TestTargetID = 56EBD39F2C3526B500991D06;
					};
					56EBD3C22C3526B800991D06 = {
						CreatedOnToolsVersion = 14.3;
						TestTargetID = 56EBD39F2C3526B500991D06;
					};
				};
			};
			buildConfigurationList = 56EBD39B2C3526B500991D06 /* Build configuration list for PBXProject "InstPost" */;
			compatibilityVersion = "Xcode 14.0";
			developmentRegion = en;
			hasScannedForEncodings = 0;
			knownRegions = (
				en,
				Base,
			);
			mainGroup = 56EBD3972C3526B500991D06;
			productRefGroup = 56EBD3A12C3526B500991D06 /* Products */;
			projectDirPath = "";
			projectRoot = "";
			targets = (
				56EBD39F2C3526B500991D06 /* InstPost */,
				56EBD3B82C3526B800991D06 /* InstPostTests */,
				56EBD3C22C3526B800991D06 /* InstPostUITests */,
			);
		};
/* End PBXProject section */

/* Begin PBXResourcesBuildPhase section */
		56EBD39E2C3526B500991D06 /* Resources */ = {
			isa = PBXResourcesBuildPhase;
			buildActionMask = 2147483647;
			files = (
				56EBD3B32C3526B800991D06 /* LaunchScreen.storyboard in Resources */,
				56EBD3B02C3526B800991D06 /* Assets.xcassets in Resources */,
				56EBD3AB2C3526B500991D06 /* Main.storyboard in Resources */,
				56EBD4062C356C3600991D06 /* PostsTableViewCell.xib in Resources */,
			);
			runOnlyForDeploymentPostprocessing = 0;
		};
		56EBD3B72C3526B800991D06 /* Resources */ = {
			isa = PBXResourcesBuildPhase;
			buildActionMask = 2147483647;
			files = (
				56EBD4072C356C3600991D06 /* PostsTableViewCell.xib in Resources */,
			);
			runOnlyForDeploymentPostprocessing = 0;
		};
		56EBD3C12C3526B800991D06 /* Resources */ = {
			isa = PBXResourcesBuildPhase;
			buildActionMask = 2147483647;
			files = (
			);
			runOnlyForDeploymentPostprocessing = 0;
		};
/* End PBXResourcesBuildPhase section */

/* Begin PBXShellScriptBuildPhase section */
		0EE3F3EB31A0A2ED8567458E /* [CP] Embed Pods Frameworks */ = {
			isa = PBXShellScriptBuildPhase;
			buildActionMask = 2147483647;
			files = (
			);
			inputFileListPaths = (
				"${PODS_ROOT}/Target Support Files/Pods-InstPost-InstPostUITests/Pods-InstPost-InstPostUITests-frameworks-${CONFIGURATION}-input-files.xcfilelist",
			);
			name = "[CP] Embed Pods Frameworks";
			outputFileListPaths = (
				"${PODS_ROOT}/Target Support Files/Pods-InstPost-InstPostUITests/Pods-InstPost-InstPostUITests-frameworks-${CONFIGURATION}-output-files.xcfilelist",
			);
			runOnlyForDeploymentPostprocessing = 0;
			shellPath = /bin/sh;
			shellScript = "\"${PODS_ROOT}/Target Support Files/Pods-InstPost-InstPostUITests/Pods-InstPost-InstPostUITests-frameworks.sh\"\n";
			showEnvVarsInLog = 0;
		};
		8DCF86588106D3E9C6B2730F /* [CP] Check Pods Manifest.lock */ = {
			isa = PBXShellScriptBuildPhase;
			buildActionMask = 2147483647;
			files = (
			);
			inputFileListPaths = (
			);
			inputPaths = (
				"${PODS_PODFILE_DIR_PATH}/Podfile.lock",
				"${PODS_ROOT}/Manifest.lock",
			);
			name = "[CP] Check Pods Manifest.lock";
			outputFileListPaths = (
			);
			outputPaths = (
				"$(DERIVED_FILE_DIR)/Pods-InstPost-InstPostUITests-checkManifestLockResult.txt",
			);
			runOnlyForDeploymentPostprocessing = 0;
			shellPath = /bin/sh;
			shellScript = "diff \"${PODS_PODFILE_DIR_PATH}/Podfile.lock\" \"${PODS_ROOT}/Manifest.lock\" > /dev/null\nif [ $? != 0 ] ; then\n    # print error to STDERR\n    echo \"error: The sandbox is not in sync with the Podfile.lock. Run 'pod install' or update your CocoaPods installation.\" >&2\n    exit 1\nfi\n# This output is used by Xcode 'outputs' to avoid re-running this script phase.\necho \"SUCCESS\" > \"${SCRIPT_OUTPUT_FILE_0}\"\n";
			showEnvVarsInLog = 0;
		};
		B6CB0C30987BEC1223ED4344 /* [CP] Check Pods Manifest.lock */ = {
			isa = PBXShellScriptBuildPhase;
			buildActionMask = 2147483647;
			files = (
			);
			inputFileListPaths = (
			);
			inputPaths = (
				"${PODS_PODFILE_DIR_PATH}/Podfile.lock",
				"${PODS_ROOT}/Manifest.lock",
			);
			name = "[CP] Check Pods Manifest.lock";
			outputFileListPaths = (
			);
			outputPaths = (
				"$(DERIVED_FILE_DIR)/Pods-InstPost-checkManifestLockResult.txt",
			);
			runOnlyForDeploymentPostprocessing = 0;
			shellPath = /bin/sh;
			shellScript = "diff \"${PODS_PODFILE_DIR_PATH}/Podfile.lock\" \"${PODS_ROOT}/Manifest.lock\" > /dev/null\nif [ $? != 0 ] ; then\n    # print error to STDERR\n    echo \"error: The sandbox is not in sync with the Podfile.lock. Run 'pod install' or update your CocoaPods installation.\" >&2\n    exit 1\nfi\n# This output is used by Xcode 'outputs' to avoid re-running this script phase.\necho \"SUCCESS\" > \"${SCRIPT_OUTPUT_FILE_0}\"\n";
			showEnvVarsInLog = 0;
		};
		BF3ABB83ABA7CD5E42EF2296 /* [CP] Embed Pods Frameworks */ = {
			isa = PBXShellScriptBuildPhase;
			buildActionMask = 2147483647;
			files = (
			);
			inputFileListPaths = (
				"${PODS_ROOT}/Target Support Files/Pods-InstPost/Pods-InstPost-frameworks-${CONFIGURATION}-input-files.xcfilelist",
			);
			name = "[CP] Embed Pods Frameworks";
			outputFileListPaths = (
				"${PODS_ROOT}/Target Support Files/Pods-InstPost/Pods-InstPost-frameworks-${CONFIGURATION}-output-files.xcfilelist",
			);
			runOnlyForDeploymentPostprocessing = 0;
			shellPath = /bin/sh;
			shellScript = "\"${PODS_ROOT}/Target Support Files/Pods-InstPost/Pods-InstPost-frameworks.sh\"\n";
			showEnvVarsInLog = 0;
		};
		C389DBE20EC2F2B3F1FD8D5C /* [CP] Check Pods Manifest.lock */ = {
			isa = PBXShellScriptBuildPhase;
			buildActionMask = 2147483647;
			files = (
			);
			inputFileListPaths = (
			);
			inputPaths = (
				"${PODS_PODFILE_DIR_PATH}/Podfile.lock",
				"${PODS_ROOT}/Manifest.lock",
			);
			name = "[CP] Check Pods Manifest.lock";
			outputFileListPaths = (
			);
			outputPaths = (
				"$(DERIVED_FILE_DIR)/Pods-InstPostTests-checkManifestLockResult.txt",
			);
			runOnlyForDeploymentPostprocessing = 0;
			shellPath = /bin/sh;
			shellScript = "diff \"${PODS_PODFILE_DIR_PATH}/Podfile.lock\" \"${PODS_ROOT}/Manifest.lock\" > /dev/null\nif [ $? != 0 ] ; then\n    # print error to STDERR\n    echo \"error: The sandbox is not in sync with the Podfile.lock. Run 'pod install' or update your CocoaPods installation.\" >&2\n    exit 1\nfi\n# This output is used by Xcode 'outputs' to avoid re-running this script phase.\necho \"SUCCESS\" > \"${SCRIPT_OUTPUT_FILE_0}\"\n";
			showEnvVarsInLog = 0;
		};
/* End PBXShellScriptBuildPhase section */

/* Begin PBXSourcesBuildPhase section */
		56EBD39C2C3526B500991D06 /* Sources */ = {
			isa = PBXSourcesBuildPhase;
			buildActionMask = 2147483647;
			files = (
				565A7D702C368AD3008DF4BC /* FavouritesViewModal.swift in Sources */,
				56EBD3A82C3526B500991D06 /* LoginViewController.swift in Sources */,
				565A7D6E2C366DC8008DF4BC /* Post+CoreDataClass.swift in Sources */,
				56EBD40D2C3570FD00991D06 /* Constants.swift in Sources */,
				56EBD3AE2C3526B500991D06 /* InstPost.xcdatamodeld in Sources */,
				56EBD3E02C35360400991D06 /* PostsViewController.swift in Sources */,
				56EBD3F32C354D7500991D06 /* UILabel+Extensions.swift in Sources */,
				56EBD3EA2C353C1600991D06 /* UIButton+Extensions.swift in Sources */,
				56EBD3FD2C355D2900991D06 /* BaseViewController.swift in Sources */,
				56EBD3A42C3526B500991D06 /* AppDelegate.swift in Sources */,
				56EBD3E32C35361200991D06 /* PostsViewModal.swift in Sources */,
				56EBD3DA2C35358F00991D06 /* User.swift in Sources */,
				56EBD3F02C354D6300991D06 /* UIColor+Extensions.swift in Sources */,
				56EBD4032C356B6B00991D06 /* PostsTableViewCell.swift in Sources */,
				56EBD3ED2C353C4A00991D06 /* UITextfield+Extensions.swift in Sources */,
				565A7D6D2C366DC8008DF4BC /* Post+CoreDataProperties.swift in Sources */,
				56EBD4002C35648A00991D06 /* PostTabbarController.swift in Sources */,
				56EBD3E62C35363100991D06 /* Post.swift in Sources */,
				56EBD3DD2C3535A400991D06 /* LoginViewModal.swift in Sources */,
				565A7D722C36B72F008DF4BC /* String+Extensions.swift in Sources */,
				56EBD3FA2C355D0400991D06 /* FavouritesViewController.swift in Sources */,
				565A7D752C36C45B008DF4BC /* APIServiceFactory.swift in Sources */,
				56EBD3A62C3526B500991D06 /* SceneDelegate.swift in Sources */,
				56EBD40A2C3570DB00991D06 /* URLSessionAPIService.swift in Sources */,
			);
			runOnlyForDeploymentPostprocessing = 0;
		};
		56EBD3B52C3526B800991D06 /* Sources */ = {
			isa = PBXSourcesBuildPhase;
			buildActionMask = 2147483647;
			files = (
				56EBD3E42C35361200991D06 /* PostsViewModal.swift in Sources */,
				56EBD3EB2C353C1600991D06 /* UIButton+Extensions.swift in Sources */,
				56EBD3FE2C355D2900991D06 /* BaseViewController.swift in Sources */,
				56EBD4012C35648A00991D06 /* PostTabbarController.swift in Sources */,
				56EBD4042C356B6B00991D06 /* PostsTableViewCell.swift in Sources */,
				56EBD40E2C3570FD00991D06 /* Constants.swift in Sources */,
				56EBD3E12C35360400991D06 /* PostsViewController.swift in Sources */,
				56EBD3DB2C35358F00991D06 /* User.swift in Sources */,
				56EBD40B2C3570DB00991D06 /* URLSessionAPIService.swift in Sources */,
				56EBD3E72C35363100991D06 /* Post.swift in Sources */,
				56EBD3EE2C353C4A00991D06 /* UITextfield+Extensions.swift in Sources */,
				56EBD3F42C354D7500991D06 /* UILabel+Extensions.swift in Sources */,
				56EBD3F12C354D6300991D06 /* UIColor+Extensions.swift in Sources */,
				56EBD3FB2C355D0400991D06 /* FavouritesViewController.swift in Sources */,
				56EBD3BE2C3526B800991D06 /* InstPostTests.swift in Sources */,
			);
			runOnlyForDeploymentPostprocessing = 0;
		};
		56EBD3BF2C3526B800991D06 /* Sources */ = {
			isa = PBXSourcesBuildPhase;
			buildActionMask = 2147483647;
			files = (
				56EBD3CA2C3526B800991D06 /* InstPostUITestsLaunchTests.swift in Sources */,
				56EBD3C82C3526B800991D06 /* InstPostUITests.swift in Sources */,
			);
			runOnlyForDeploymentPostprocessing = 0;
		};
/* End PBXSourcesBuildPhase section */

/* Begin PBXTargetDependency section */
		56EBD3BB2C3526B800991D06 /* PBXTargetDependency */ = {
			isa = PBXTargetDependency;
			target = 56EBD39F2C3526B500991D06 /* InstPost */;
			targetProxy = 56EBD3BA2C3526B800991D06 /* PBXContainerItemProxy */;
		};
		56EBD3C52C3526B800991D06 /* PBXTargetDependency */ = {
			isa = PBXTargetDependency;
			target = 56EBD39F2C3526B500991D06 /* InstPost */;
			targetProxy = 56EBD3C42C3526B800991D06 /* PBXContainerItemProxy */;
		};
/* End PBXTargetDependency section */

/* Begin PBXVariantGroup section */
		56EBD3A92C3526B500991D06 /* Main.storyboard */ = {
			isa = PBXVariantGroup;
			children = (
				56EBD3AA2C3526B500991D06 /* Base */,
			);
			name = Main.storyboard;
			sourceTree = "<group>";
		};
		56EBD3B12C3526B800991D06 /* LaunchScreen.storyboard */ = {
			isa = PBXVariantGroup;
			children = (
				56EBD3B22C3526B800991D06 /* Base */,
			);
			name = LaunchScreen.storyboard;
			sourceTree = "<group>";
		};
/* End PBXVariantGroup section */

/* Begin XCBuildConfiguration section */
		56EBD3CB2C3526B800991D06 /* Debug */ = {
			isa = XCBuildConfiguration;
			buildSettings = {
				ALWAYS_SEARCH_USER_PATHS = NO;
				CLANG_ANALYZER_NONNULL = YES;
				CLANG_ANALYZER_NUMBER_OBJECT_CONVERSION = YES_AGGRESSIVE;
				CLANG_CXX_LANGUAGE_STANDARD = "gnu++20";
				CLANG_ENABLE_MODULES = YES;
				CLANG_ENABLE_OBJC_ARC = YES;
				CLANG_ENABLE_OBJC_WEAK = YES;
				CLANG_WARN_BLOCK_CAPTURE_AUTORELEASING = YES;
				CLANG_WARN_BOOL_CONVERSION = YES;
				CLANG_WARN_COMMA = YES;
				CLANG_WARN_CONSTANT_CONVERSION = YES;
				CLANG_WARN_DEPRECATED_OBJC_IMPLEMENTATIONS = YES;
				CLANG_WARN_DIRECT_OBJC_ISA_USAGE = YES_ERROR;
				CLANG_WARN_DOCUMENTATION_COMMENTS = YES;
				CLANG_WARN_EMPTY_BODY = YES;
				CLANG_WARN_ENUM_CONVERSION = YES;
				CLANG_WARN_INFINITE_RECURSION = YES;
				CLANG_WARN_INT_CONVERSION = YES;
				CLANG_WARN_NON_LITERAL_NULL_CONVERSION = YES;
				CLANG_WARN_OBJC_IMPLICIT_RETAIN_SELF = YES;
				CLANG_WARN_OBJC_LITERAL_CONVERSION = YES;
				CLANG_WARN_OBJC_ROOT_CLASS = YES_ERROR;
				CLANG_WARN_QUOTED_INCLUDE_IN_FRAMEWORK_HEADER = YES;
				CLANG_WARN_RANGE_LOOP_ANALYSIS = YES;
				CLANG_WARN_STRICT_PROTOTYPES = YES;
				CLANG_WARN_SUSPICIOUS_MOVE = YES;
				CLANG_WARN_UNGUARDED_AVAILABILITY = YES_AGGRESSIVE;
				CLANG_WARN_UNREACHABLE_CODE = YES;
				CLANG_WARN__DUPLICATE_METHOD_MATCH = YES;
				COPY_PHASE_STRIP = NO;
				DEBUG_INFORMATION_FORMAT = dwarf;
				ENABLE_STRICT_OBJC_MSGSEND = YES;
				ENABLE_TESTABILITY = YES;
				GCC_C_LANGUAGE_STANDARD = gnu11;
				GCC_DYNAMIC_NO_PIC = NO;
				GCC_NO_COMMON_BLOCKS = YES;
				GCC_OPTIMIZATION_LEVEL = 0;
				GCC_PREPROCESSOR_DEFINITIONS = (
					"DEBUG=1",
					"$(inherited)",
				);
				GCC_WARN_64_TO_32_BIT_CONVERSION = YES;
				GCC_WARN_ABOUT_RETURN_TYPE = YES_ERROR;
				GCC_WARN_UNDECLARED_SELECTOR = YES;
				GCC_WARN_UNINITIALIZED_AUTOS = YES_AGGRESSIVE;
				GCC_WARN_UNUSED_FUNCTION = YES;
				GCC_WARN_UNUSED_VARIABLE = YES;
				IPHONEOS_DEPLOYMENT_TARGET = 16.4;
				MTL_ENABLE_DEBUG_INFO = INCLUDE_SOURCE;
				MTL_FAST_MATH = YES;
				ONLY_ACTIVE_ARCH = YES;
				SDKROOT = iphoneos;
				SWIFT_ACTIVE_COMPILATION_CONDITIONS = DEBUG;
				SWIFT_OPTIMIZATION_LEVEL = "-Onone";
			};
			name = Debug;
		};
		56EBD3CC2C3526B800991D06 /* Release */ = {
			isa = XCBuildConfiguration;
			buildSettings = {
				ALWAYS_SEARCH_USER_PATHS = NO;
				CLANG_ANALYZER_NONNULL = YES;
				CLANG_ANALYZER_NUMBER_OBJECT_CONVERSION = YES_AGGRESSIVE;
				CLANG_CXX_LANGUAGE_STANDARD = "gnu++20";
				CLANG_ENABLE_MODULES = YES;
				CLANG_ENABLE_OBJC_ARC = YES;
				CLANG_ENABLE_OBJC_WEAK = YES;
				CLANG_WARN_BLOCK_CAPTURE_AUTORELEASING = YES;
				CLANG_WARN_BOOL_CONVERSION = YES;
				CLANG_WARN_COMMA = YES;
				CLANG_WARN_CONSTANT_CONVERSION = YES;
				CLANG_WARN_DEPRECATED_OBJC_IMPLEMENTATIONS = YES;
				CLANG_WARN_DIRECT_OBJC_ISA_USAGE = YES_ERROR;
				CLANG_WARN_DOCUMENTATION_COMMENTS = YES;
				CLANG_WARN_EMPTY_BODY = YES;
				CLANG_WARN_ENUM_CONVERSION = YES;
				CLANG_WARN_INFINITE_RECURSION = YES;
				CLANG_WARN_INT_CONVERSION = YES;
				CLANG_WARN_NON_LITERAL_NULL_CONVERSION = YES;
				CLANG_WARN_OBJC_IMPLICIT_RETAIN_SELF = YES;
				CLANG_WARN_OBJC_LITERAL_CONVERSION = YES;
				CLANG_WARN_OBJC_ROOT_CLASS = YES_ERROR;
				CLANG_WARN_QUOTED_INCLUDE_IN_FRAMEWORK_HEADER = YES;
				CLANG_WARN_RANGE_LOOP_ANALYSIS = YES;
				CLANG_WARN_STRICT_PROTOTYPES = YES;
				CLANG_WARN_SUSPICIOUS_MOVE = YES;
				CLANG_WARN_UNGUARDED_AVAILABILITY = YES_AGGRESSIVE;
				CLANG_WARN_UNREACHABLE_CODE = YES;
				CLANG_WARN__DUPLICATE_METHOD_MATCH = YES;
				COPY_PHASE_STRIP = NO;
				DEBUG_INFORMATION_FORMAT = "dwarf-with-dsym";
				ENABLE_NS_ASSERTIONS = NO;
				ENABLE_STRICT_OBJC_MSGSEND = YES;
				GCC_C_LANGUAGE_STANDARD = gnu11;
				GCC_NO_COMMON_BLOCKS = YES;
				GCC_WARN_64_TO_32_BIT_CONVERSION = YES;
				GCC_WARN_ABOUT_RETURN_TYPE = YES_ERROR;
				GCC_WARN_UNDECLARED_SELECTOR = YES;
				GCC_WARN_UNINITIALIZED_AUTOS = YES_AGGRESSIVE;
				GCC_WARN_UNUSED_FUNCTION = YES;
				GCC_WARN_UNUSED_VARIABLE = YES;
				IPHONEOS_DEPLOYMENT_TARGET = 16.4;
				MTL_ENABLE_DEBUG_INFO = NO;
				MTL_FAST_MATH = YES;
				SDKROOT = iphoneos;
				SWIFT_COMPILATION_MODE = wholemodule;
				SWIFT_OPTIMIZATION_LEVEL = "-O";
				VALIDATE_PRODUCT = YES;
			};
			name = Release;
		};
		56EBD3CE2C3526B800991D06 /* Debug */ = {
			isa = XCBuildConfiguration;
			baseConfigurationReference = 8BC2D4D0E04742206409E8D6 /* Pods-InstPost.debug.xcconfig */;
			buildSettings = {
				ASSETCATALOG_COMPILER_APPICON_NAME = AppIcon;
				ASSETCATALOG_COMPILER_GLOBAL_ACCENT_COLOR_NAME = AccentColor;
				CODE_SIGN_STYLE = Automatic;
				CURRENT_PROJECT_VERSION = 1;
				GENERATE_INFOPLIST_FILE = YES;
				INFOPLIST_FILE = InstPost/Info.plist;
				INFOPLIST_KEY_CFBundleDisplayName = InstaPost;
				INFOPLIST_KEY_UIApplicationSupportsIndirectInputEvents = YES;
				INFOPLIST_KEY_UILaunchStoryboardName = LaunchScreen;
				INFOPLIST_KEY_UIMainStoryboardFile = Main;
				INFOPLIST_KEY_UISupportedInterfaceOrientations_iPad = "UIInterfaceOrientationPortrait UIInterfaceOrientationPortraitUpsideDown UIInterfaceOrientationLandscapeLeft UIInterfaceOrientationLandscapeRight";
				INFOPLIST_KEY_UISupportedInterfaceOrientations_iPhone = "UIInterfaceOrientationPortrait UIInterfaceOrientationLandscapeLeft UIInterfaceOrientationLandscapeRight";
				LD_RUNPATH_SEARCH_PATHS = (
					"$(inherited)",
					"@executable_path/Frameworks",
				);
				MARKETING_VERSION = 1.0;
				PRODUCT_BUNDLE_IDENTIFIER = demo.InstPost;
				PRODUCT_NAME = "$(TARGET_NAME)";
				SWIFT_EMIT_LOC_STRINGS = YES;
				SWIFT_VERSION = 5.0;
				TARGETED_DEVICE_FAMILY = "1,2";
			};
			name = Debug;
		};
		56EBD3CF2C3526B800991D06 /* Release */ = {
			isa = XCBuildConfiguration;
			baseConfigurationReference = 44C746390D4843FFEB323412 /* Pods-InstPost.release.xcconfig */;
			buildSettings = {
				ASSETCATALOG_COMPILER_APPICON_NAME = AppIcon;
				ASSETCATALOG_COMPILER_GLOBAL_ACCENT_COLOR_NAME = AccentColor;
				CODE_SIGN_STYLE = Automatic;
				CURRENT_PROJECT_VERSION = 1;
				GENERATE_INFOPLIST_FILE = YES;
				INFOPLIST_FILE = InstPost/Info.plist;
				INFOPLIST_KEY_CFBundleDisplayName = InstaPost;
				INFOPLIST_KEY_UIApplicationSupportsIndirectInputEvents = YES;
				INFOPLIST_KEY_UILaunchStoryboardName = LaunchScreen;
				INFOPLIST_KEY_UIMainStoryboardFile = Main;
				INFOPLIST_KEY_UISupportedInterfaceOrientations_iPad = "UIInterfaceOrientationPortrait UIInterfaceOrientationPortraitUpsideDown UIInterfaceOrientationLandscapeLeft UIInterfaceOrientationLandscapeRight";
				INFOPLIST_KEY_UISupportedInterfaceOrientations_iPhone = "UIInterfaceOrientationPortrait UIInterfaceOrientationLandscapeLeft UIInterfaceOrientationLandscapeRight";
				LD_RUNPATH_SEARCH_PATHS = (
					"$(inherited)",
					"@executable_path/Frameworks",
				);
				MARKETING_VERSION = 1.0;
				PRODUCT_BUNDLE_IDENTIFIER = demo.InstPost;
				PRODUCT_NAME = "$(TARGET_NAME)";
				SWIFT_EMIT_LOC_STRINGS = YES;
				SWIFT_VERSION = 5.0;
				TARGETED_DEVICE_FAMILY = "1,2";
			};
			name = Release;
		};
		56EBD3D12C3526B800991D06 /* Debug */ = {
			isa = XCBuildConfiguration;
			baseConfigurationReference = 3CB8297F7C16FD8F914D65B7 /* Pods-InstPostTests.debug.xcconfig */;
			buildSettings = {
				ALWAYS_EMBED_SWIFT_STANDARD_LIBRARIES = YES;
				BUNDLE_LOADER = "$(TEST_HOST)";
				CODE_SIGN_STYLE = Automatic;
				CURRENT_PROJECT_VERSION = 1;
				GENERATE_INFOPLIST_FILE = YES;
				IPHONEOS_DEPLOYMENT_TARGET = 16.4;
				MARKETING_VERSION = 1.0;
				PRODUCT_BUNDLE_IDENTIFIER = demo.InstPostTests;
				PRODUCT_NAME = "$(TARGET_NAME)";
				SWIFT_EMIT_LOC_STRINGS = NO;
				SWIFT_VERSION = 5.0;
				TARGETED_DEVICE_FAMILY = "1,2";
				TEST_HOST = "$(BUILT_PRODUCTS_DIR)/InstPost.app/$(BUNDLE_EXECUTABLE_FOLDER_PATH)/InstPost";
			};
			name = Debug;
		};
		56EBD3D22C3526B800991D06 /* Release */ = {
			isa = XCBuildConfiguration;
			baseConfigurationReference = FE182C7D8C1B1FBEA0BE916A /* Pods-InstPostTests.release.xcconfig */;
			buildSettings = {
				ALWAYS_EMBED_SWIFT_STANDARD_LIBRARIES = YES;
				BUNDLE_LOADER = "$(TEST_HOST)";
				CODE_SIGN_STYLE = Automatic;
				CURRENT_PROJECT_VERSION = 1;
				GENERATE_INFOPLIST_FILE = YES;
				IPHONEOS_DEPLOYMENT_TARGET = 16.4;
				MARKETING_VERSION = 1.0;
				PRODUCT_BUNDLE_IDENTIFIER = demo.InstPostTests;
				PRODUCT_NAME = "$(TARGET_NAME)";
				SWIFT_EMIT_LOC_STRINGS = NO;
				SWIFT_VERSION = 5.0;
				TARGETED_DEVICE_FAMILY = "1,2";
				TEST_HOST = "$(BUILT_PRODUCTS_DIR)/InstPost.app/$(BUNDLE_EXECUTABLE_FOLDER_PATH)/InstPost";
			};
			name = Release;
		};
		56EBD3D42C3526B800991D06 /* Debug */ = {
			isa = XCBuildConfiguration;
			baseConfigurationReference = 339B9C703BE4A0A3C4D8B603 /* Pods-InstPost-InstPostUITests.debug.xcconfig */;
			buildSettings = {
				ALWAYS_EMBED_SWIFT_STANDARD_LIBRARIES = YES;
				CODE_SIGN_STYLE = Automatic;
				CURRENT_PROJECT_VERSION = 1;
				GENERATE_INFOPLIST_FILE = YES;
				MARKETING_VERSION = 1.0;
				PRODUCT_BUNDLE_IDENTIFIER = demo.InstPostUITests;
				PRODUCT_NAME = "$(TARGET_NAME)";
				SWIFT_EMIT_LOC_STRINGS = NO;
				SWIFT_VERSION = 5.0;
				TARGETED_DEVICE_FAMILY = "1,2";
				TEST_TARGET_NAME = InstPost;
			};
			name = Debug;
		};
		56EBD3D52C3526B800991D06 /* Release */ = {
			isa = XCBuildConfiguration;
			baseConfigurationReference = 9E024BA46C54FB657362A9EA /* Pods-InstPost-InstPostUITests.release.xcconfig */;
			buildSettings = {
				ALWAYS_EMBED_SWIFT_STANDARD_LIBRARIES = YES;
				CODE_SIGN_STYLE = Automatic;
				CURRENT_PROJECT_VERSION = 1;
				GENERATE_INFOPLIST_FILE = YES;
				MARKETING_VERSION = 1.0;
				PRODUCT_BUNDLE_IDENTIFIER = demo.InstPostUITests;
				PRODUCT_NAME = "$(TARGET_NAME)";
				SWIFT_EMIT_LOC_STRINGS = NO;
				SWIFT_VERSION = 5.0;
				TARGETED_DEVICE_FAMILY = "1,2";
				TEST_TARGET_NAME = InstPost;
			};
			name = Release;
		};
/* End XCBuildConfiguration section */

/* Begin XCConfigurationList section */
		56EBD39B2C3526B500991D06 /* Build configuration list for PBXProject "InstPost" */ = {
			isa = XCConfigurationList;
			buildConfigurations = (
				56EBD3CB2C3526B800991D06 /* Debug */,
				56EBD3CC2C3526B800991D06 /* Release */,
			);
			defaultConfigurationIsVisible = 0;
			defaultConfigurationName = Release;
		};
		56EBD3CD2C3526B800991D06 /* Build configuration list for PBXNativeTarget "InstPost" */ = {
			isa = XCConfigurationList;
			buildConfigurations = (
				56EBD3CE2C3526B800991D06 /* Debug */,
				56EBD3CF2C3526B800991D06 /* Release */,
			);
			defaultConfigurationIsVisible = 0;
			defaultConfigurationName = Release;
		};
		56EBD3D02C3526B800991D06 /* Build configuration list for PBXNativeTarget "InstPostTests" */ = {
			isa = XCConfigurationList;
			buildConfigurations = (
				56EBD3D12C3526B800991D06 /* Debug */,
				56EBD3D22C3526B800991D06 /* Release */,
			);
			defaultConfigurationIsVisible = 0;
			defaultConfigurationName = Release;
		};
		56EBD3D32C3526B800991D06 /* Build configuration list for PBXNativeTarget "InstPostUITests" */ = {
			isa = XCConfigurationList;
			buildConfigurations = (
				56EBD3D42C3526B800991D06 /* Debug */,
				56EBD3D52C3526B800991D06 /* Release */,
			);
			defaultConfigurationIsVisible = 0;
			defaultConfigurationName = Release;
		};
/* End XCConfigurationList section */

/* Begin XCVersionGroup section */
		56EBD3AC2C3526B500991D06 /* InstPost.xcdatamodeld */ = {
			isa = XCVersionGroup;
			children = (
				56EBD3AD2C3526B500991D06 /* InstPost.xcdatamodel */,
			);
			currentVersion = 56EBD3AD2C3526B500991D06 /* InstPost.xcdatamodel */;
			path = InstPost.xcdatamodeld;
			sourceTree = "<group>";
			versionGroupType = wrapper.xcdatamodel;
		};
/* End XCVersionGroup section */
	};
	rootObject = 56EBD3982C3526B500991D06 /* Project object */;
}
